#MicroXplorer Configuration settings - do not modify
ADC1.Channel-1\#ChannelRegularConversion=ADC_CHANNEL_4
ADC1.ContinuousConvMode=DISABLE
ADC1.EOCSelection=ADC_EOC_SINGLE_CONV
ADC1.EnableAnalogWatchDog=false
ADC1.IPParameters=Rank-1\#ChannelRegularConversion,master,Channel-1\#ChannelRegularConversion,SamplingTime-1\#ChannelRegularConversion,NbrOfConversionFlag,EnableAnalogWatchDog,NbrOfConversion,ContinuousConvMode,EOCSelection
ADC1.NbrOfConversion=1
ADC1.NbrOfConversionFlag=1
ADC1.Rank-1\#ChannelRegularConversion=1
ADC1.SamplingTime-1\#ChannelRegularConversion=ADC_SAMPLETIME_480CYCLES
ADC1.master=1
CAD.formats=
CAD.pinconfig=
CAD.provider=
FREERTOS.FootprintOK=true
FREERTOS.INCLUDE_pcTaskGetTaskName=1
FREERTOS.INCLUDE_uxTaskGetStackHighWaterMark2=1
FREERTOS.INCLUDE_vTaskCleanUpResources=1
FREERTOS.INCLUDE_xEventGroupSetBitFromISR=1
FREERTOS.INCLUDE_xSemaphoreGetMutexHolder=1
FREERTOS.INCLUDE_xTaskAbortDelay=1
FREERTOS.INCLUDE_xTaskGetHandle=1
FREERTOS.INCLUDE_xTimerPendFunctionCall=1
FREERTOS.IPParameters=Tasks01,configUSE_NEWLIB_REENTRANT,configENABLE_FPU,configMAX_TASK_NAME_LEN,configUSE_APPLICATION_TASK_TAG,configUSE_TICKLESS_IDLE,configRECORD_STACK_HIGH_ADDRESS,configTOTAL_HEAP_SIZE,configUSE_IDLE_HOOK,configUSE_TICK_HOOK,configUSE_MALLOC_FAILED_HOOK,configUSE_DAEMON_TASK_STARTUP_HOOK,configCHECK_FOR_STACK_OVERFLOW,configGENERATE_RUN_TIME_STATS,configUSE_STATS_FORMATTING_FUNCTIONS,configUSE_CO_ROUTINES,configTIMER_TASK_PRIORITY,configUSE_POSIX_ERRNO,INCLUDE_vTaskCleanUpResources,INCLUDE_xSemaphoreGetMutexHolder,INCLUDE_pcTaskGetTaskName,INCLUDE_xEventGroupSetBitFromISR,INCLUDE_uxTaskGetStackHighWaterMark2,INCLUDE_xTaskGetHandle,INCLUDE_xTimerPendFunctionCall,INCLUDE_xTaskAbortDelay,Timers01,FootprintOK,configMINIMAL_STACK_SIZE,configTIMER_TASK_STACK_DEPTH,configTIMER_QUEUE_LENGTH,configUSE_TASK_NOTIFICATIONS,configUSE_TRACE_FACILITY
FREERTOS.Tasks01=QM_APPL_OS_TASK,48,512,QM_APPL,Default,NULL,Dynamic,NULL,NULL;QM_BSW_OS_TASK,49,512,QM_BSW,Default,NULL,Dynamic,NULL,NULL;QM_NVM_OS_TASK,47,256,QM_NVM,Default,NULL,Dynamic,NULL,NULL;QM_DIAG_OS_TASK,51,512,QM_DIAG,Default,NULL,Dynamic,NULL,NULL
FREERTOS.Timers01=Alarm5ms,Alarm5ms_Callback,osTimerPeriodic,Default,NULL,Dynamic,NULL;Alarm10ms,Alarm10ms_Callback,osTimerPeriodic,Default,NULL,Dynamic,NULL;Alarm100ms,Alarm100ms_Callback,osTimerPeriodic,Default,NULL,Dynamic,NULL
FREERTOS.configCHECK_FOR_STACK_OVERFLOW=1
FREERTOS.configENABLE_FPU=1
FREERTOS.configGENERATE_RUN_TIME_STATS=0
FREERTOS.configMAX_TASK_NAME_LEN=255
FREERTOS.configMINIMAL_STACK_SIZE=128
FREERTOS.configRECORD_STACK_HIGH_ADDRESS=1
FREERTOS.configTIMER_QUEUE_LENGTH=5
FREERTOS.configTIMER_TASK_PRIORITY=55
FREERTOS.configTIMER_TASK_STACK_DEPTH=128
FREERTOS.configTOTAL_HEAP_SIZE=10000
FREERTOS.configUSE_APPLICATION_TASK_TAG=1
FREERTOS.configUSE_CO_ROUTINES=0
FREERTOS.configUSE_DAEMON_TASK_STARTUP_HOOK=0
FREERTOS.configUSE_IDLE_HOOK=1
FREERTOS.configUSE_MALLOC_FAILED_HOOK=1
FREERTOS.configUSE_NEWLIB_REENTRANT=1
FREERTOS.configUSE_POSIX_ERRNO=0
FREERTOS.configUSE_STATS_FORMATTING_FUNCTIONS=0
FREERTOS.configUSE_TASK_NOTIFICATIONS=1
FREERTOS.configUSE_TICKLESS_IDLE=0
FREERTOS.configUSE_TICK_HOOK=1
FREERTOS.configUSE_TRACE_FACILITY=1
File.Version=6
GPIO.groupedBy=Group By Peripherals
KeepUserPlacement=false
Mcu.CPN=STM32F411RET6
Mcu.Family=STM32F4
Mcu.IP0=ADC1
Mcu.IP1=FREERTOS
Mcu.IP2=NVIC
Mcu.IP3=RCC
Mcu.IP4=SPI1
Mcu.IP5=SYS
Mcu.IP6=TIM2
Mcu.IP7=TIM3
Mcu.IP8=USART1
Mcu.IPNb=9
Mcu.Name=STM32F411R(C-E)Tx
Mcu.Package=LQFP64
Mcu.Pin0=PC13-ANTI_TAMP
Mcu.Pin1=PC14-OSC32_IN
Mcu.Pin10=PA1
Mcu.Pin11=PA2
Mcu.Pin12=PA3
Mcu.Pin13=PA4
Mcu.Pin14=PA5
Mcu.Pin15=PA6
Mcu.Pin16=PA7
Mcu.Pin17=PC4
Mcu.Pin18=PC5
Mcu.Pin19=PB0
Mcu.Pin2=PC15-OSC32_OUT
Mcu.Pin20=PB1
Mcu.Pin21=PB2
Mcu.Pin22=PB10
Mcu.Pin23=PB12
Mcu.Pin24=PB13
Mcu.Pin25=PB14
Mcu.Pin26=PB15
Mcu.Pin27=PC6
Mcu.Pin28=PC7
Mcu.Pin29=PC8
Mcu.Pin3=PH0 - OSC_IN
Mcu.Pin30=PC9
Mcu.Pin31=PA8
Mcu.Pin32=PA9
Mcu.Pin33=PA10
Mcu.Pin34=PA11
Mcu.Pin35=PA12
Mcu.Pin36=PA13
Mcu.Pin37=PA14
Mcu.Pin38=PA15
Mcu.Pin39=PC10
Mcu.Pin4=PH1 - OSC_OUT
Mcu.Pin40=PC11
Mcu.Pin41=PC12
Mcu.Pin42=PD2
Mcu.Pin43=PB3
Mcu.Pin44=PB4
Mcu.Pin45=PB5
Mcu.Pin46=PB6
Mcu.Pin47=PB7
Mcu.Pin48=PB8
Mcu.Pin49=PB9
Mcu.Pin5=PC0
Mcu.Pin50=VP_FREERTOS_VS_CMSIS_V2
Mcu.Pin51=VP_SYS_VS_tim5
Mcu.Pin52=VP_TIM2_VS_ClockSourceINT
Mcu.Pin53=VP_TIM3_VS_ClockSourceINT
Mcu.Pin6=PC1
Mcu.Pin7=PC2
Mcu.Pin8=PC3
Mcu.Pin9=PA0-WKUP
Mcu.PinsNb=54
Mcu.ThirdPartyNb=0
Mcu.UserConstants=
Mcu.UserName=STM32F411RETx
MxCube.Version=6.14.0
MxDb.Version=DB.6.0.140
NVIC.ADC_IRQn=true\:5\:0\:true\:true\:true\:9\:true\:true\:true\:true
NVIC.BusFault_IRQn=true\:6\:0\:true\:false\:true\:true\:true\:false\:false
NVIC.DebugMonitor_IRQn=true\:6\:0\:true\:false\:true\:true\:true\:false\:false
NVIC.FLASH_IRQn=true\:6\:0\:true\:true\:true\:2\:true\:true\:true\:true
NVIC.FPU_IRQn=true\:6\:0\:true\:true\:true\:8\:true\:true\:false\:true
NVIC.ForceEnableDMAVector=true
NVIC.HardFault_IRQn=true\:0\:0\:false\:false\:true\:false\:true\:false\:false
NVIC.MemoryManagement_IRQn=true\:6\:0\:true\:false\:true\:true\:true\:false\:false
NVIC.NonMaskableInt_IRQn=true\:0\:0\:false\:false\:true\:false\:true\:false\:false
NVIC.PVD_IRQn=true\:6\:0\:true\:true\:true\:3\:true\:true\:true\:true
NVIC.PendSV_IRQn=true\:15\:0\:false\:false\:false\:true\:false\:false\:false
NVIC.PriorityGroup=NVIC_PRIORITYGROUP_4
NVIC.RCC_IRQn=true\:6\:0\:true\:true\:true\:1\:true\:true\:false\:true
NVIC.SPI1_IRQn=true\:6\:0\:true\:true\:true\:7\:true\:true\:true\:true
NVIC.SVCall_IRQn=true\:6\:0\:true\:false\:false\:true\:false\:false\:false
NVIC.SavedPendsvIrqHandlerGenerated=true
NVIC.SavedSvcallIrqHandlerGenerated=true
NVIC.SavedSystickIrqHandlerGenerated=true
NVIC.SysTick_IRQn=true\:15\:0\:true\:false\:false\:true\:true\:true\:false
NVIC.TIM2_IRQn=true\:6\:0\:true\:true\:true\:4\:true\:true\:true\:true
NVIC.TIM3_IRQn=true\:6\:0\:true\:true\:true\:5\:true\:true\:true\:true
NVIC.TIM5_IRQn=true\:0\:0\:true\:false\:true\:false\:false\:true\:true
NVIC.TimeBase=TIM5_IRQn
NVIC.TimeBaseIP=TIM5
NVIC.USART1_IRQn=true\:6\:0\:true\:true\:true\:6\:true\:true\:true\:true
NVIC.UsageFault_IRQn=true\:6\:0\:true\:false\:true\:true\:true\:false\:false
PA0-WKUP.GPIOParameters=GPIO_Label
PA0-WKUP.GPIO_Label=HC05_STATE
PA0-WKUP.Locked=true
PA0-WKUP.Signal=GPIO_Input
PA1.Locked=true
PA1.Signal=GPIO_Output
PA10.GPIOParameters=GPIO_Label
PA10.GPIO_Label=TX_HC05
PA10.Mode=Asynchronous
PA10.Signal=USART1_RX
PA11.Signal=GPIO_Analog
PA12.Signal=GPIO_Analog
PA13.Locked=true
PA13.Mode=Serial_Wire
PA13.Signal=SYS_JTMS-SWDIO
PA14.Locked=true
PA14.Mode=Serial_Wire
PA14.Signal=SYS_JTCK-SWCLK
PA15.GPIOParameters=GPIO_Speed,GPIO_PuPd,GPIO_Label
PA15.GPIO_Label=PWM_CLIMAFAN
PA15.GPIO_PuPd=GPIO_PULLUP
PA15.GPIO_Speed=GPIO_SPEED_FREQ_VERY_HIGH
PA15.Signal=S_TIM2_CH1_ETR
PA2.Signal=GPIO_Analog
PA3.Signal=GPIO_Analog
PA4.GPIOParameters=GPIO_Label
PA4.GPIO_Label=SIGADCMUX
PA4.Locked=true
PA4.Signal=ADCx_IN4
PA5.GPIOParameters=GPIO_Label
PA5.GPIO_Label=MCP_SCK
PA5.Locked=true
PA5.Mode=Full_Duplex_Master
PA5.Signal=SPI1_SCK
PA6.GPIOParameters=GPIO_Label
PA6.GPIO_Label=MCP_MISO
PA6.Locked=true
PA6.Mode=Full_Duplex_Master
PA6.Signal=SPI1_MISO
PA7.GPIOParameters=GPIO_Label
PA7.GPIO_Label=MCP_MOSI
PA7.Locked=true
PA7.Mode=Full_Duplex_Master
PA7.Signal=SPI1_MOSI
PA8.GPIOParameters=GPIO_Speed,PinState,GPIO_PuPd,GPIO_Label
PA8.GPIO_Label=SIG0_ADCMUX
PA8.GPIO_PuPd=GPIO_PULLDOWN
PA8.GPIO_Speed=GPIO_SPEED_FREQ_VERY_HIGH
PA8.Locked=true
PA8.PinState=GPIO_PIN_RESET
PA8.Signal=GPIO_Output
PA9.GPIOParameters=GPIO_Label
PA9.GPIO_Label=NUCLEO_RX_UNUSED
PA9.Mode=Asynchronous
PA9.Signal=USART1_TX
PB0.GPIOParameters=GPIO_Speed,GPIO_PuPd,GPIO_Label
PB0.GPIO_Label=PWM_WWL
PB0.GPIO_PuPd=GPIO_PULLUP
PB0.GPIO_Speed=GPIO_SPEED_FREQ_VERY_HIGH
PB0.Locked=true
PB0.Signal=S_TIM3_CH3
PB1.GPIOParameters=GPIO_Speed,GPIO_PuPd,GPIO_Label
PB1.GPIO_Label=PWM_WWR
PB1.GPIO_PuPd=GPIO_PULLUP
PB1.GPIO_Speed=GPIO_SPEED_FREQ_VERY_HIGH
PB1.Locked=true
PB1.Signal=S_TIM3_CH4
PB10.GPIOParameters=GPIO_Speed,GPIO_PuPd,GPIO_Label
PB10.GPIO_Label=SIG1_ADCMUX
PB10.GPIO_PuPd=GPIO_PULLDOWN
PB10.GPIO_Speed=GPIO_SPEED_FREQ_VERY_HIGH
PB10.Locked=true
PB10.Signal=GPIO_Output
PB12.Locked=true
PB12.Signal=GPIO_Analog
PB13.Locked=true
PB13.Signal=GPIO_Analog
PB14.Locked=true
PB14.Signal=GPIO_Analog
PB15.Locked=true
PB15.Signal=GPIO_Analog
PB2.GPIOParameters=GPIO_Speed,GPIO_PuPd
PB2.GPIO_PuPd=GPIO_PULLDOWN
PB2.GPIO_Speed=GPIO_SPEED_FREQ_VERY_HIGH
PB2.Signal=GPIO_Output
PB3.GPIOParameters=GPIO_Speed,GPIO_PuPd
PB3.GPIO_PuPd=GPIO_PULLDOWN
PB3.GPIO_Speed=GPIO_SPEED_FREQ_VERY_HIGH
PB3.Signal=GPIO_Output
PB4.GPIOParameters=GPIO_Speed,GPIO_PuPd,GPIO_Label
PB4.GPIO_Label=SIG2_ADCMUX
PB4.GPIO_PuPd=GPIO_PULLDOWN
PB4.GPIO_Speed=GPIO_SPEED_FREQ_VERY_HIGH
PB4.Locked=true
PB4.Signal=GPIO_Output
PB5.GPIOParameters=GPIO_Speed,GPIO_PuPd,GPIO_Label
PB5.GPIO_Label=SIG3_ADCMUX
PB5.GPIO_PuPd=GPIO_PULLDOWN
PB5.GPIO_Speed=GPIO_SPEED_FREQ_VERY_HIGH
PB5.Locked=true
PB5.Signal=GPIO_Output
PB6.Locked=true
PB6.Signal=GPIO_Output
PB7.GPIOParameters=GPIO_Speed,GPIO_PuPd
PB7.GPIO_PuPd=GPIO_PULLDOWN
PB7.GPIO_Speed=GPIO_SPEED_FREQ_VERY_HIGH
PB7.Signal=GPIO_Output
PB8.GPIOParameters=GPIO_Speed,GPIO_PuPd
PB8.GPIO_PuPd=GPIO_PULLDOWN
PB8.GPIO_Speed=GPIO_SPEED_FREQ_VERY_HIGH
PB8.Signal=GPIO_Output
PB9.GPIOParameters=GPIO_Speed,GPIO_PuPd,GPIO_ModeDefaultOutputPP
PB9.GPIO_ModeDefaultOutputPP=GPIO_MODE_OUTPUT_PP
PB9.GPIO_PuPd=GPIO_PULLDOWN
PB9.GPIO_Speed=GPIO_SPEED_FREQ_VERY_HIGH
PB9.Signal=GPIO_Output
PC0.GPIOParameters=GPIO_Speed,GPIO_PuPd
PC0.GPIO_PuPd=GPIO_PULLDOWN
PC0.GPIO_Speed=GPIO_SPEED_FREQ_VERY_HIGH
PC0.Signal=GPIO_Output
PC1.GPIOParameters=GPIO_Speed,GPIO_PuPd
PC1.GPIO_PuPd=GPIO_PULLDOWN
PC1.GPIO_Speed=GPIO_SPEED_FREQ_VERY_HIGH
PC1.Signal=GPIO_Output
PC10.GPIOParameters=GPIO_Speed,GPIO_PuPd
PC10.GPIO_PuPd=GPIO_PULLDOWN
PC10.GPIO_Speed=GPIO_SPEED_FREQ_VERY_HIGH
PC10.Signal=GPIO_Output
PC11.GPIOParameters=GPIO_Speed,GPIO_PuPd
PC11.GPIO_PuPd=GPIO_PULLDOWN
PC11.GPIO_Speed=GPIO_SPEED_FREQ_VERY_HIGH
PC11.Signal=GPIO_Output
PC12.GPIOParameters=GPIO_Speed,GPIO_PuPd
PC12.GPIO_PuPd=GPIO_PULLDOWN
PC12.GPIO_Speed=GPIO_SPEED_FREQ_VERY_HIGH
PC12.Signal=GPIO_Output
PC13-ANTI_TAMP.Signal=GPIO_Output
PC14-OSC32_IN.GPIOParameters=GPIO_Speed,GPIO_PuPd
PC14-OSC32_IN.GPIO_PuPd=GPIO_PULLDOWN
PC14-OSC32_IN.GPIO_Speed=GPIO_SPEED_FREQ_LOW
PC14-OSC32_IN.Signal=GPIO_Output
PC15-OSC32_OUT.GPIOParameters=GPIO_PuPd
PC15-OSC32_OUT.GPIO_PuPd=GPIO_PULLDOWN
PC15-OSC32_OUT.Signal=GPIO_Output
PC2.Locked=true
PC2.Signal=GPIO_Analog
PC3.Locked=true
PC3.Signal=GPIO_Analog
PC4.GPIOParameters=GPIO_Speed,PinState,GPIO_PuPd,GPIO_Label
PC4.GPIO_Label=MCP_CS
PC4.GPIO_PuPd=GPIO_PULLUP
PC4.GPIO_Speed=GPIO_SPEED_FREQ_VERY_HIGH
PC4.Locked=true
PC4.PinState=GPIO_PIN_SET
PC4.Signal=GPIO_Output
PC5.GPIOParameters=GPIO_Speed,GPIO_PuPd
PC5.GPIO_PuPd=GPIO_PULLDOWN
PC5.GPIO_Speed=GPIO_SPEED_FREQ_VERY_HIGH
PC5.Signal=GPIO_Output
PC6.GPIOParameters=GPIO_Speed,GPIO_PuPd,GPIO_Label
PC6.GPIO_Label=PWM_DLR
PC6.GPIO_PuPd=GPIO_PULLUP
PC6.GPIO_Speed=GPIO_SPEED_FREQ_VERY_HIGH
PC6.Locked=true
PC6.Signal=S_TIM3_CH1
PC7.GPIOParameters=GPIO_Speed,GPIO_PuPd,GPIO_Label
PC7.GPIO_Label=PWM_DLL
PC7.GPIO_PuPd=GPIO_PULLUP
PC7.GPIO_Speed=GPIO_SPEED_FREQ_VERY_HIGH
PC7.Locked=true
PC7.Signal=S_TIM3_CH2
PC8.GPIOParameters=GPIO_Speed,GPIO_PuPd
PC8.GPIO_PuPd=GPIO_PULLDOWN
PC8.GPIO_Speed=GPIO_SPEED_FREQ_VERY_HIGH
PC8.Signal=GPIO_Output
PC9.GPIOParameters=GPIO_Speed,GPIO_PuPd
PC9.GPIO_PuPd=GPIO_PULLDOWN
PC9.GPIO_Speed=GPIO_SPEED_FREQ_VERY_HIGH
PC9.Signal=GPIO_Output
PCC.Checker=false
PCC.Line=STM32F411
PCC.MCU=STM32F411R(C-E)Tx
PCC.PartNumber=STM32F411RETx
PCC.Seq0=2
PCC.Seq0.Step0.Average_Current=22.5 mA
PCC.Seq0.Step0.CPU_Frequency=100 MHz
PCC.Seq0.Step0.Category=In DS Table
PCC.Seq0.Step0.DMIPS=125.0
PCC.Seq0.Step0.Duration=0 ms
PCC.Seq0.Step0.Frequency=4 MHz
PCC.Seq0.Step0.Memory=FLASH/ART/PREFETCH
PCC.Seq0.Step0.Mode=RUN
PCC.Seq0.Step0.Oscillator=HSE PLL
PCC.Seq0.Step0.Peripherals=
PCC.Seq0.Step0.TaMax=101.19
PCC.Seq0.Step0.User's_Consumption=0 mA
PCC.Seq0.Step0.Vcore=Scale1-High
PCC.Seq0.Step0.Vdd=3.6
PCC.Seq0.Step0.Voltage_Source=Battery
PCC.Seq0.Step1.Average_Current=10 \u00B5A
PCC.Seq0.Step1.CPU_Frequency=0 Hz
PCC.Seq0.Step1.Category=In DS Table
PCC.Seq0.Step1.DMIPS=0.0
PCC.Seq0.Step1.Duration=1 ms
PCC.Seq0.Step1.Frequency=0 Hz
PCC.Seq0.Step1.Memory=n/a
PCC.Seq0.Step1.Mode=STOP
PCC.Seq0.Step1.Oscillator=Regulator_LPLV Flash-PwrDwn
PCC.Seq0.Step1.Peripherals=
PCC.Seq0.Step1.TaMax=105
PCC.Seq0.Step1.User's_Consumption=0 mA
PCC.Seq0.Step1.Vcore=No Scale
PCC.Seq0.Step1.Vdd=3.6
PCC.Seq0.Step1.Voltage_Source=Battery
PCC.Series=STM32F4
PCC.Temperature=25
PCC.Vdd=3.6
PD2.GPIOParameters=GPIO_Speed,GPIO_PuPd
PD2.GPIO_PuPd=GPIO_PULLDOWN
PD2.GPIO_Speed=GPIO_SPEED_FREQ_VERY_HIGH
PD2.Signal=GPIO_Output
PH0\ -\ OSC_IN.Locked=true
PH0\ -\ OSC_IN.Mode=HSE-External-Oscillator
PH0\ -\ OSC_IN.Signal=RCC_OSC_IN
PH1\ -\ OSC_OUT.Locked=true
PH1\ -\ OSC_OUT.Mode=HSE-External-Oscillator
PH1\ -\ OSC_OUT.Signal=RCC_OSC_OUT
PinOutPanel.RotationAngle=0
ProjectManager.AskForMigrate=true
ProjectManager.BackupPrevious=false
ProjectManager.CompilerLinker=GCC
ProjectManager.CompilerOptimize=6
ProjectManager.ComputerToolchain=false
ProjectManager.CoupleFile=true
ProjectManager.CustomerFirmwarePackage=
ProjectManager.DefaultFWLocation=true
ProjectManager.DeletePrevious=false
ProjectManager.DeviceId=STM32F411RETx
ProjectManager.FirmwarePackage=STM32Cube FW_F4 V1.28.1
ProjectManager.FreePins=true
ProjectManager.HalAssertFull=false
ProjectManager.HeapSize=0x200
ProjectManager.KeepUserCode=true
ProjectManager.LastFirmware=true
ProjectManager.LibraryCopy=2
ProjectManager.MainLocation=Core/Src
ProjectManager.MultiThreaded=true
ProjectManager.NoMain=false
ProjectManager.PreviousToolchain=
ProjectManager.ProjectBuild=false
ProjectManager.ProjectFileName=CBM_APPL.ioc
ProjectManager.ProjectName=CBM_APPL
ProjectManager.ProjectStructure=
ProjectManager.RegisterCallBack=ADC,CAN,CEC,CRYP,DAC,DCMI,DFSDM,DMA2D,DSI,ETH,HASH,HCD,I2C,FMPI2C,I2S,IRDA,LPTIM,LTDC,MMC,NAND,NOR,PCCARD,PCD,QSPI,RNG,RTC,SAI,SD,SMARTCARD,SDRAM,SRAM,SPDIFRX,SMBUS,SPI,TIM,UART,USART,WWDG
ProjectManager.StackSize=0x200
ProjectManager.TargetToolchain=STM32CubeIDE
ProjectManager.ThreadSafeStrategy=Cortex-M4NS\:Default,
ProjectManager.ToolChainLocation=
ProjectManager.UAScriptAfterPath=
ProjectManager.UAScriptBeforePath=
ProjectManager.UnderRoot=true
ProjectManager.functionlistsort=1-SystemClock_Config-RCC-false-HAL-false,2-MX_GPIO_Init-GPIO-false-HAL-true,3-MX_ADC1_Init-ADC1-false-HAL-true,4-MX_SPI1_Init-SPI1-false-HAL-true,5-MX_TIM3_Init-TIM3-false-HAL-true,6-MX_TIM2_Init-TIM2-false-HAL-true,7-MX_USART1_UART_Init-USART1-false-HAL-true
RCC.48MHZClocksFreq_Value=50000000
RCC.AHBFreq_Value=100000000
RCC.APB1CLKDivider=RCC_HCLK_DIV2
RCC.APB1Freq_Value=50000000
RCC.APB1TimFreq_Value=100000000
RCC.APB2Freq_Value=100000000
RCC.APB2TimFreq_Value=100000000
RCC.CortexFreq_Value=100000000
RCC.EthernetFreq_Value=100000000
RCC.FCLKCortexFreq_Value=100000000
RCC.FLatency-AdvancedSettings=FLASH_LATENCY_3
RCC.FamilyName=M
RCC.HCLKFreq_Value=100000000
RCC.HSE_VALUE=8000000
RCC.HSI_VALUE=16000000
RCC.I2SClocksFreq_Value=48000000
RCC.IPParameters=48MHZClocksFreq_Value,AHBFreq_Value,APB1CLKDivider,APB1Freq_Value,APB1TimFreq_Value,APB2Freq_Value,APB2TimFreq_Value,CortexFreq_Value,EthernetFreq_Value,FCLKCortexFreq_Value,FLatency-AdvancedSettings,FamilyName,HCLKFreq_Value,HSE_VALUE,HSI_VALUE,I2SClocksFreq_Value,LSE_VALUE,LSI_VALUE,MCO2PinFreq_Value,PLLCLKFreq_Value,PLLM,PLLN,PLLQCLKFreq_Value,PLLSourceVirtual,RTCFreq_Value,RTCHSEDivFreq_Value,SYSCLKFreq_VALUE,SYSCLKSource,VCOI2SOutputFreq_Value,VCOInputFreq_Value,VCOInputMFreq_Value,VCOOutputFreq_Value,VDD_VALUE,VcooutputI2S
RCC.LSE_VALUE=32768
RCC.LSI_VALUE=32000
RCC.MCO2PinFreq_Value=100000000
RCC.PLLCLKFreq_Value=100000000
RCC.PLLM=4
RCC.PLLN=100
RCC.PLLQCLKFreq_Value=50000000
RCC.PLLSourceVirtual=RCC_PLLSOURCE_HSE
RCC.RTCFreq_Value=32000
RCC.RTCHSEDivFreq_Value=4000000
RCC.SYSCLKFreq_VALUE=100000000
RCC.SYSCLKSource=RCC_SYSCLKSOURCE_PLLCLK
RCC.VCOI2SOutputFreq_Value=96000000
RCC.VCOInputFreq_Value=2000000
RCC.VCOInputMFreq_Value=500000
RCC.VCOOutputFreq_Value=200000000
RCC.VDD_VALUE=3.6
RCC.VcooutputI2S=48000000
SH.ADCx_IN4.0=ADC1_IN4,IN4
SH.ADCx_IN4.ConfNb=1
SH.S_TIM2_CH1_ETR.0=TIM2_CH1,PWM Generation1 CH1
SH.S_TIM2_CH1_ETR.ConfNb=1
SH.S_TIM3_CH1.0=TIM3_CH1,PWM Generation1 CH1
SH.S_TIM3_CH1.ConfNb=1
SH.S_TIM3_CH2.0=TIM3_CH2,PWM Generation2 CH2
SH.S_TIM3_CH2.ConfNb=1
SH.S_TIM3_CH3.0=TIM3_CH3,PWM Generation3 CH3
SH.S_TIM3_CH3.ConfNb=1
SH.S_TIM3_CH4.0=TIM3_CH4,PWM Generation4 CH4
SH.S_TIM3_CH4.ConfNb=1
SPI1.BaudRatePrescaler=SPI_BAUDRATEPRESCALER_16
SPI1.CLKPhase=SPI_PHASE_1EDGE
SPI1.CLKPolarity=SPI_POLARITY_LOW
SPI1.CRCCalculation=SPI_CRCCALCULATION_DISABLE
SPI1.CalculateBaudRate=6.25 MBits/s
SPI1.Direction=SPI_DIRECTION_2LINES
SPI1.IPParameters=VirtualType,Mode,Direction,CalculateBaudRate,BaudRatePrescaler,CRCCalculation,CLKPolarity,CLKPhase
SPI1.Mode=SPI_MODE_MASTER
SPI1.VirtualType=VM_MASTER
TIM2.Channel-PWM\ Generation1\ CH1=TIM_CHANNEL_1
TIM2.IPParameters=Channel-PWM Generation1 CH1,Prescaler,Period,OCFastMode_PWM-PWM Generation1 CH1
TIM2.OCFastMode_PWM-PWM\ Generation1\ CH1=TIM_OCFAST_ENABLE
TIM2.Period=199
TIM2.Prescaler=5119
TIM3.Channel-PWM\ Generation1\ CH1=TIM_CHANNEL_1
TIM3.Channel-PWM\ Generation2\ CH2=TIM_CHANNEL_2
TIM3.Channel-PWM\ Generation3\ CH3=TIM_CHANNEL_3
TIM3.Channel-PWM\ Generation4\ CH4=TIM_CHANNEL_4
TIM3.IPParameters=Channel-PWM Generation4 CH4,Channel-PWM Generation3 CH3,Channel-PWM Generation2 CH2,Channel-PWM Generation1 CH1,Prescaler,Period
TIM3.Period=10000-1
TIM3.Prescaler=100-1
USART1.BaudRate=9600
USART1.IPParameters=VirtualMode,BaudRate,Mode
USART1.Mode=MODE_RX
USART1.VirtualMode=VM_ASYNC
VP_FREERTOS_VS_CMSIS_V2.Mode=CMSIS_V2
VP_FREERTOS_VS_CMSIS_V2.Signal=FREERTOS_VS_CMSIS_V2
VP_SYS_VS_tim5.Mode=TIM5
VP_SYS_VS_tim5.Signal=SYS_VS_tim5
VP_TIM2_VS_ClockSourceINT.Mode=Internal
VP_TIM2_VS_ClockSourceINT.Signal=TIM2_VS_ClockSourceINT
VP_TIM3_VS_ClockSourceINT.Mode=Internal
VP_TIM3_VS_ClockSourceINT.Signal=TIM3_VS_ClockSourceINT
board=NUCLEO-F411RE
boardIOC=true
rtos.0.ip=FREERTOS
isbadioc=false
